
Microsoft Visual Studio Solution File, Format Version 12.00
# Visual Studio 2015
Project("{FAE04EC0-301F-11D3-BF4B-00C04F79EFBC}") = "Unity Projekt", "Unity Projekt.csproj", "{48A6AFC6-12A7-2F52-259A-E58033AA6D61}"
EndProject
Project("{FAE04EC0-301F-11D3-BF4B-00C04F79EFBC}") = "Unity Projekt.Editor", "Unity Projekt.Editor.csproj", "{D0E6A425-89CD-C677-55C5-9332EF9B7C95}"
EndProject
Global
	GlobalSection(SolutionConfigurationPlatforms) = preSolution
		Debug|Any CPU = Debug|Any CPU
		Release|Any CPU = Release|Any CPU
	EndGlobalSection
	GlobalSection(ProjectConfigurationPlatforms) = postSolution
		{48A6AFC6-12A7-2F52-259A-E58033AA6D61}.Debug|Any CPU.ActiveCfg = Debug|Any CPU
		{48A6AFC6-12A7-2F52-259A-E58033AA6D61}.Debug|Any CPU.Build.0 = Debug|Any CPU
		{48A6AFC6-12A7-2F52-259A-E58033AA6D61}.Release|Any CPU.ActiveCfg = Release|Any CPU
		{48A6AFC6-12A7-2F52-259A-E58033AA6D61}.Release|Any CPU.Build.0 = Release|Any CPU
		{D0E6A425-89CD-C677-55C5-9332EF9B7C95}.Debug|Any CPU.ActiveCfg = Debug|Any CPU
		{D0E6A425-89CD-C677-55C5-9332EF9B7C95}.Debug|Any CPU.Build.0 = Debug|Any CPU
		{D0E6A425-89CD-C677-55C5-9332EF9B7C95}.Release|Any CPU.ActiveCfg = Release|Any CPU
		{D0E6A425-89CD-C677-55C5-9332EF9B7C95}.Release|Any CPU.Build.0 = Release|Any CPU
	EndGlobalSection
	GlobalSection(SolutionProperties) = preSolution
		HideSolutionNode = FALSE
	EndGlobalSection
EndGlobal
